{
  "name": "@writetome51/item-in-browser-storage",
  "version": "4.0.0",
  "lockfileVersion": 1,
  "requires": true,
  "dependencies": {
    "@writetome51/has-value-no-value": {
      "version": "2.0.0",
      "resolved": "https://registry.npmjs.org/@writetome51/has-value-no-value/-/has-value-no-value-2.0.0.tgz",
      "integrity": "sha512-ArFqWggtrr9sbi8/WEBNZLYlk7j8QesRWhaeHQdwc6tgfbjqibWVY6zrdL9UjCnqlEKPT2dNBcMj96gPfUqDoQ=="
    },
    "@writetome51/not": {
      "version": "2.0.0",
      "resolved": "https://registry.npmjs.org/@writetome51/not/-/not-2.0.0.tgz",
      "integrity": "sha512-CS+S0XafZPStxI16/27TBIfQETu5JfvD9VPBbw7sr42Vjotv6q02IjtwLgfAVcjQlsj+IL5I+2Hs6uoI7kinmA=="
    },
    "error-if-length-is-zero": {
      "version": "1.0.1",
      "resolved": "https://registry.npmjs.org/error-if-length-is-zero/-/error-if-length-is-zero-1.0.1.tgz",
      "integrity": "sha512-UB2bqtLZ9lpexrsjQbH6UkdBJpmeesBQZHGEYwOFoiKReRuQlG/cODCOMNY+Fq8EFyeF1gg99eMSjdztqUEQqA=="
    },
    "error-if-not-string": {
      "version": "2.0.0",
      "resolved": "https://registry.npmjs.org/error-if-not-string/-/error-if-not-string-2.0.0.tgz",
      "integrity": "sha512-KvMs6Y0ob+Vg8CQKiGTaSYdFzWMxKlZ4/L3XQ5SmlaOwRODcQLJM+rYmr+VS/zThivSeBAjWhVfl2f7J9JwNNQ=="
    }
  }
}
